{
    "_readme": [
        "This file locks the dependencies of your project to a known state",
        "Read more about it at http://getcomposer.org/doc/01-basic-usage.md#composer-lock-the-lock-file",
        "This file is @generated automatically"
    ],
    "hash": "8565ee91b9725fc2566992feaced20b3",
    "packages": [
        {
            "name": "woothee/woothee",
            "version": "v0.4.2",
            "source": {
                "type": "git",
                "url": "https://github.com/woothee/woothee-php.git",
                "reference": "21ab031ac52630dd4bc95d5d8349a116c93e7aca"
            },
            "dist": {
                "type": "zip",
                "url": "https://api.github.com/repos/woothee/woothee-php/zipball/21ab031ac52630dd4bc95d5d8349a116c93e7aca",
                "reference": "21ab031ac52630dd4bc95d5d8349a116c93e7aca",
                "shasum": ""
            },
            "require": {
                "php": ">= 5.3.3"
            },
            "require-dev": {
                "fabpot/php-cs-fixer": "0.4.*",
                "phpunit/phpunit": "4.1.*",
                "satooshi/php-coveralls": "dev-master",
                "symfony/yaml": "2.4.*"
            },
            "type": "library",
            "autoload": {
                "psr-4": {
                    "Woothee\\": "src/"
                }
            },
            "notification-url": "https://packagist.org/downloads/",
            "license": [
                "Apache-2.0"
            ],
            "authors": [
                {
                    "name": "Yuya Takeyama",
                    "email": "sign.of.the.wolf.pentagram@gmail.com",
                    "homepage": "http://yuyat.jp"
                }
            ],
            "description": "Cross-language UserAgent classifier library, PHP implementation",
            "keywords": [
                "user agent",
                "useragent"
            ],
            "time": "2014-07-12 03:19:16"
        }
    ],
    "packages-dev": [],
    "aliases": [],
    "minimum-stability": "stable",
    "stability-flags": [],
    "prefer-stable": false,
    "platform": [],
    "platform-dev": []
}
